
Microsoft Visual Studio Solution File, Format Version 12.00
# Visual Studio 15
VisualStudioVersion = 15.0.26730.16
MinimumVisualStudioVersion = 10.0.40219.1
Project("{9A19103F-16F7-4668-BE54-9A1E7A4F7556}") = "CupOfCreative.MVC", "CupOfCreative.MVC\CupOfCreative.MVC.csproj", "{E2481101-B20C-4088-9A30-317C7132DCE2}"
EndProject
Project("{9A19103F-16F7-4668-BE54-9A1E7A4F7556}") = "CupOfCreative.DataAccess", "CupOfCreative.DataAccess\CupOfCreative.DataAccess.csproj", "{AD00F6DB-9F26-450F-A1D4-4B6F8CF016D1}"
EndProject
Project("{FAE04EC0-301F-11D3-BF4B-00C04F79EFBC}") = "CupOfCreative.Entities", "CupOfCreative.Entities\CupOfCreative.Entities.csproj", "{8066C77B-9715-48AF-808B-64BE38198AF0}"
EndProject
Global
	GlobalSection(SolutionConfigurationPlatforms) = preSolution
		Debug|Any CPU = Debug|Any CPU
		Release|Any CPU = Release|Any CPU
	EndGlobalSection
	GlobalSection(ProjectConfigurationPlatforms) = postSolution
		{E2481101-B20C-4088-9A30-317C7132DCE2}.Debug|Any CPU.ActiveCfg = Debug|Any CPU
		{E2481101-B20C-4088-9A30-317C7132DCE2}.Debug|Any CPU.Build.0 = Debug|Any CPU
		{E2481101-B20C-4088-9A30-317C7132DCE2}.Release|Any CPU.ActiveCfg = Release|Any CPU
		{E2481101-B20C-4088-9A30-317C7132DCE2}.Release|Any CPU.Build.0 = Release|Any CPU
		{AD00F6DB-9F26-450F-A1D4-4B6F8CF016D1}.Debug|Any CPU.ActiveCfg = Debug|Any CPU
		{AD00F6DB-9F26-450F-A1D4-4B6F8CF016D1}.Debug|Any CPU.Build.0 = Debug|Any CPU
		{AD00F6DB-9F26-450F-A1D4-4B6F8CF016D1}.Release|Any CPU.ActiveCfg = Release|Any CPU
		{AD00F6DB-9F26-450F-A1D4-4B6F8CF016D1}.Release|Any CPU.Build.0 = Release|Any CPU
		{8066C77B-9715-48AF-808B-64BE38198AF0}.Debug|Any CPU.ActiveCfg = Debug|Any CPU
		{8066C77B-9715-48AF-808B-64BE38198AF0}.Debug|Any CPU.Build.0 = Debug|Any CPU
		{8066C77B-9715-48AF-808B-64BE38198AF0}.Release|Any CPU.ActiveCfg = Release|Any CPU
		{8066C77B-9715-48AF-808B-64BE38198AF0}.Release|Any CPU.Build.0 = Release|Any CPU
	EndGlobalSection
	GlobalSection(SolutionProperties) = preSolution
		HideSolutionNode = FALSE
	EndGlobalSection
	GlobalSection(ExtensibilityGlobals) = postSolution
		SolutionGuid = {91FE6C6F-DC47-42E1-AE15-DE46080AADD8}
	EndGlobalSection
EndGlobal
